
Microsoft Visual Studio Solution File, Format Version 12.00
# Visual Studio Version 17
VisualStudioVersion = 17.3.32825.248
MinimumVisualStudioVersion = 10.0.40219.1
Project("{8BC9CEB8-8B4A-11D0-8D11-00A0C91BC942}") = "Project1", "Project1.vcxproj", "{D4227175-FC6B-4FC9-A6ED-A4593F96F3D7}"
EndProject
Global
	GlobalSection(SolutionConfigurationPlatforms) = preSolution
		Debug|x64 = Debug|x64
		Debug|x86 = Debug|x86
		Release|x64 = Release|x64
		Release|x86 = Release|x86
	EndGlobalSection
	GlobalSection(ProjectConfigurationPlatforms) = postSolution
		{D4227175-FC6B-4FC9-A6ED-A4593F96F3D7}.Debug|x64.ActiveCfg = Debug|x64
		{D4227175-FC6B-4FC9-A6ED-A4593F96F3D7}.Debug|x64.Build.0 = Debug|x64
		{D4227175-FC6B-4FC9-A6ED-A4593F96F3D7}.Debug|x86.ActiveCfg = Debug|Win32
		{D4227175-FC6B-4FC9-A6ED-A4593F96F3D7}.Debug|x86.Build.0 = Debug|Win32
		{D4227175-FC6B-4FC9-A6ED-A4593F96F3D7}.Release|x64.ActiveCfg = Release|x64
		{D4227175-FC6B-4FC9-A6ED-A4593F96F3D7}.Release|x64.Build.0 = Release|x64
		{D4227175-FC6B-4FC9-A6ED-A4593F96F3D7}.Release|x86.ActiveCfg = Release|Win32
		{D4227175-FC6B-4FC9-A6ED-A4593F96F3D7}.Release|x86.Build.0 = Release|Win32
	EndGlobalSection
	GlobalSection(SolutionProperties) = preSolution
		HideSolutionNode = FALSE
	EndGlobalSection
	GlobalSection(ExtensibilityGlobals) = postSolution
		SolutionGuid = {5AE8FC88-A19D-4882-9BF1-BE638D0CECA7}
	EndGlobalSection
EndGlobal
