
Microsoft Visual Studio Solution File, Format Version 12.00
# Visual Studio Version 17
VisualStudioVersion = 17.3.32929.385
MinimumVisualStudioVersion = 10.0.40219.1
Project("{8BC9CEB8-8B4A-11D0-8D11-00A0C91BC942}") = "Milestone 2", "Milestone 2.vcxproj", "{1EB13D38-4520-4232-9FA0-63FD92737F95}"
EndProject
Global
	GlobalSection(SolutionConfigurationPlatforms) = preSolution
		Debug|x64 = Debug|x64
		Debug|x86 = Debug|x86
		Release|x64 = Release|x64
		Release|x86 = Release|x86
	EndGlobalSection
	GlobalSection(ProjectConfigurationPlatforms) = postSolution
		{1EB13D38-4520-4232-9FA0-63FD92737F95}.Debug|x64.ActiveCfg = Debug|x64
		{1EB13D38-4520-4232-9FA0-63FD92737F95}.Debug|x64.Build.0 = Debug|x64
		{1EB13D38-4520-4232-9FA0-63FD92737F95}.Debug|x86.ActiveCfg = Debug|Win32
		{1EB13D38-4520-4232-9FA0-63FD92737F95}.Debug|x86.Build.0 = Debug|Win32
		{1EB13D38-4520-4232-9FA0-63FD92737F95}.Release|x64.ActiveCfg = Release|x64
		{1EB13D38-4520-4232-9FA0-63FD92737F95}.Release|x64.Build.0 = Release|x64
		{1EB13D38-4520-4232-9FA0-63FD92737F95}.Release|x86.ActiveCfg = Release|Win32
		{1EB13D38-4520-4232-9FA0-63FD92737F95}.Release|x86.Build.0 = Release|Win32
	EndGlobalSection
	GlobalSection(SolutionProperties) = preSolution
		HideSolutionNode = FALSE
	EndGlobalSection
	GlobalSection(ExtensibilityGlobals) = postSolution
		SolutionGuid = {68B959AD-8647-4FCE-A229-C3EF8F726A45}
	EndGlobalSection
EndGlobal
